
Microsoft Visual Studio Solution File, Format Version 12.00
# Visual Studio Version 17
VisualStudioVersion = 17.0.32126.317
MinimumVisualStudioVersion = 10.0.40219.1
Project("{FAE04EC0-301F-11D3-BF4B-00C04F79EFBC}") = "Nancy Repo Project", "Nancy Repo Project.csproj", "{38811242-CFF0-4D98-A713-27D60AEEE7CC}"
EndProject
Global
	GlobalSection(SolutionConfigurationPlatforms) = preSolution
		Debug|Any CPU = Debug|Any CPU
		Release|Any CPU = Release|Any CPU
	EndGlobalSection
	GlobalSection(ProjectConfigurationPlatforms) = postSolution
		{38811242-CFF0-4D98-A713-27D60AEEE7CC}.Debug|Any CPU.ActiveCfg = Debug|Any CPU
		{38811242-CFF0-4D98-A713-27D60AEEE7CC}.Debug|Any CPU.Build.0 = Debug|Any CPU
		{38811242-CFF0-4D98-A713-27D60AEEE7CC}.Release|Any CPU.ActiveCfg = Release|Any CPU
		{38811242-CFF0-4D98-A713-27D60AEEE7CC}.Release|Any CPU.Build.0 = Release|Any CPU
	EndGlobalSection
	GlobalSection(SolutionProperties) = preSolution
		HideSolutionNode = FALSE
	EndGlobalSection
	GlobalSection(ExtensibilityGlobals) = postSolution
		SolutionGuid = {3F322582-D013-4728-A970-5B1A6EE9F536}
	EndGlobalSection
EndGlobal
